Microsoft Visual Studio Solution File, Format Version 12.00
# Visual Studio Version 17
VisualStudioVersion = 17.5.2.0
MinimumVisualStudioVersion = 10.0.40219.1
Project("{FAE04EC0-301F-11D3-BF4B-00C04F79EFBC}") = "MyNewConsoleApp", "MyNewConsoleApp.csproj", "{CD3ECD01-177C-4284-ABE1-182C24452FBE}"
EndProject
Global
	GlobalSection(SolutionConfigurationPlatforms) = preSolution
		Debug|Any CPU = Debug|Any CPU
		Release|Any CPU = Release|Any CPU
	EndGlobalSection
	GlobalSection(ProjectConfigurationPlatforms) = postSolution
		{CD3ECD01-177C-4284-ABE1-182C24452FBE}.Debug|Any CPU.ActiveCfg = Debug|Any CPU
		{CD3ECD01-177C-4284-ABE1-182C24452FBE}.Debug|Any CPU.Build.0 = Debug|Any CPU
		{CD3ECD01-177C-4284-ABE1-182C24452FBE}.Release|Any CPU.ActiveCfg = Release|Any CPU
		{CD3ECD01-177C-4284-ABE1-182C24452FBE}.Release|Any CPU.Build.0 = Release|Any CPU
	EndGlobalSection
	GlobalSection(SolutionProperties) = preSolution
		HideSolutionNode = FALSE
	EndGlobalSection
	GlobalSection(ExtensibilityGlobals) = postSolution
		SolutionGuid = {77E47BDF-8914-4A7A-A9B5-6B73021A7152}
	EndGlobalSection
EndGlobal
